
Microsoft Visual Studio Solution File, Format Version 12.00
# Visual Studio Version 17
VisualStudioVersion = 17.9.34714.143
MinimumVisualStudioVersion = 10.0.40219.1
Project("{2150E333-8FDC-42A3-9474-1A3956D46DE8}") = "Core", "Core", "{B3852F58-C2C1-45F2-8C94-EE2C1FED0CEC}"
EndProject
Project("{2150E333-8FDC-42A3-9474-1A3956D46DE8}") = "Infrastructure", "Infrastructure", "{410B09D0-60CB-461C-B60E-73FAB2A45660}"
EndProject
Project("{2150E333-8FDC-42A3-9474-1A3956D46DE8}") = "Presentation", "Presentation", "{6BAA94FD-CF2B-442F-9099-8FE1EB57E6D5}"
EndProject
Project("{9A19103F-16F7-4668-BE54-9A1E7A4F7556}") = "ETradeApi.Core", "Core\ETradeApi.Core\ETradeApi.Core.csproj", "{BB454602-F467-4A6D-95D6-624CEB44CFA4}"
EndProject
Project("{9A19103F-16F7-4668-BE54-9A1E7A4F7556}") = "ETradeApi.Application", "Core\ETradeApi.Application\ETradeApi.Application.csproj", "{732E9AE8-2410-495C-A699-F6B61650263D}"
EndProject
Project("{9A19103F-16F7-4668-BE54-9A1E7A4F7556}") = "ETradeApi.Infrastructure", "Infrastructure\ETradeApi.Infrastructure\ETradeApi.Infrastructure.csproj", "{5FB40329-80FC-4E0C-BA30-F255326118F3}"
EndProject
Project("{9A19103F-16F7-4668-BE54-9A1E7A4F7556}") = "ETradeApi.Persistence", "Infrastructure\ETradeApi.Persistence\ETradeApi.Persistence.csproj", "{C760A992-E01B-4EB9-8CB0-D15573A93DB9}"
EndProject
Project("{9A19103F-16F7-4668-BE54-9A1E7A4F7556}") = "ETradeApi.API", "Presentation\ETradeApi.API\ETradeApi.API.csproj", "{2C2D6618-00CD-4F45-8ED5-D64F07CA1D9A}"
EndProject
Project("{FAE04EC0-301F-11D3-BF4B-00C04F79EFBC}") = "ETradeApi.SignalR", "Infrastructure\ETradeApi.SignalR\ETradeApi.SignalR.csproj", "{BA60FFAB-B52E-4742-BCDA-858E84623D3D}"
EndProject
Global
	GlobalSection(SolutionConfigurationPlatforms) = preSolution
		Debug|Any CPU = Debug|Any CPU
		Release|Any CPU = Release|Any CPU
	EndGlobalSection
	GlobalSection(ProjectConfigurationPlatforms) = postSolution
		{BB454602-F467-4A6D-95D6-624CEB44CFA4}.Debug|Any CPU.ActiveCfg = Debug|Any CPU
		{BB454602-F467-4A6D-95D6-624CEB44CFA4}.Debug|Any CPU.Build.0 = Debug|Any CPU
		{BB454602-F467-4A6D-95D6-624CEB44CFA4}.Release|Any CPU.ActiveCfg = Release|Any CPU
		{BB454602-F467-4A6D-95D6-624CEB44CFA4}.Release|Any CPU.Build.0 = Release|Any CPU
		{732E9AE8-2410-495C-A699-F6B61650263D}.Debug|Any CPU.ActiveCfg = Debug|Any CPU
		{732E9AE8-2410-495C-A699-F6B61650263D}.Debug|Any CPU.Build.0 = Debug|Any CPU
		{732E9AE8-2410-495C-A699-F6B61650263D}.Release|Any CPU.ActiveCfg = Release|Any CPU
		{732E9AE8-2410-495C-A699-F6B61650263D}.Release|Any CPU.Build.0 = Release|Any CPU
		{5FB40329-80FC-4E0C-BA30-F255326118F3}.Debug|Any CPU.ActiveCfg = Debug|Any CPU
		{5FB40329-80FC-4E0C-BA30-F255326118F3}.Debug|Any CPU.Build.0 = Debug|Any CPU
		{5FB40329-80FC-4E0C-BA30-F255326118F3}.Release|Any CPU.ActiveCfg = Release|Any CPU
		{5FB40329-80FC-4E0C-BA30-F255326118F3}.Release|Any CPU.Build.0 = Release|Any CPU
		{C760A992-E01B-4EB9-8CB0-D15573A93DB9}.Debug|Any CPU.ActiveCfg = Debug|Any CPU
		{C760A992-E01B-4EB9-8CB0-D15573A93DB9}.Debug|Any CPU.Build.0 = Debug|Any CPU
		{C760A992-E01B-4EB9-8CB0-D15573A93DB9}.Release|Any CPU.ActiveCfg = Release|Any CPU
		{C760A992-E01B-4EB9-8CB0-D15573A93DB9}.Release|Any CPU.Build.0 = Release|Any CPU
		{2C2D6618-00CD-4F45-8ED5-D64F07CA1D9A}.Debug|Any CPU.ActiveCfg = Debug|Any CPU
		{2C2D6618-00CD-4F45-8ED5-D64F07CA1D9A}.Debug|Any CPU.Build.0 = Debug|Any CPU
		{2C2D6618-00CD-4F45-8ED5-D64F07CA1D9A}.Release|Any CPU.ActiveCfg = Release|Any CPU
		{2C2D6618-00CD-4F45-8ED5-D64F07CA1D9A}.Release|Any CPU.Build.0 = Release|Any CPU
		{BA60FFAB-B52E-4742-BCDA-858E84623D3D}.Debug|Any CPU.ActiveCfg = Debug|Any CPU
		{BA60FFAB-B52E-4742-BCDA-858E84623D3D}.Debug|Any CPU.Build.0 = Debug|Any CPU
		{BA60FFAB-B52E-4742-BCDA-858E84623D3D}.Release|Any CPU.ActiveCfg = Release|Any CPU
		{BA60FFAB-B52E-4742-BCDA-858E84623D3D}.Release|Any CPU.Build.0 = Release|Any CPU
	EndGlobalSection
	GlobalSection(SolutionProperties) = preSolution
		HideSolutionNode = FALSE
	EndGlobalSection
	GlobalSection(NestedProjects) = preSolution
		{BB454602-F467-4A6D-95D6-624CEB44CFA4} = {B3852F58-C2C1-45F2-8C94-EE2C1FED0CEC}
		{732E9AE8-2410-495C-A699-F6B61650263D} = {B3852F58-C2C1-45F2-8C94-EE2C1FED0CEC}
		{5FB40329-80FC-4E0C-BA30-F255326118F3} = {410B09D0-60CB-461C-B60E-73FAB2A45660}
		{C760A992-E01B-4EB9-8CB0-D15573A93DB9} = {410B09D0-60CB-461C-B60E-73FAB2A45660}
		{2C2D6618-00CD-4F45-8ED5-D64F07CA1D9A} = {6BAA94FD-CF2B-442F-9099-8FE1EB57E6D5}
		{BA60FFAB-B52E-4742-BCDA-858E84623D3D} = {410B09D0-60CB-461C-B60E-73FAB2A45660}
	EndGlobalSection
	GlobalSection(ExtensibilityGlobals) = postSolution
		SolutionGuid = {A281B3FF-4833-4561-A946-FEC5E5E46259}
	EndGlobalSection
EndGlobal
